
Microsoft Visual Studio Solution File, Format Version 12.00
# Visual Studio 15
VisualStudioVersion = 15.0.28010.2041
MinimumVisualStudioVersion = 10.0.40219.1
Project("{888888A0-9F3D-457C-B088-3A5042F75D52}") = "hello", "hello\hello.pyproj", "{C5D26EB1-1FB2-407A-9C21-DC8983254B88}"
EndProject
Global
	GlobalSection(SolutionConfigurationPlatforms) = preSolution
		Debug|Any CPU = Debug|Any CPU
		Release|Any CPU = Release|Any CPU
	EndGlobalSection
	GlobalSection(ProjectConfigurationPlatforms) = postSolution
		{C5D26EB1-1FB2-407A-9C21-DC8983254B88}.Debug|Any CPU.ActiveCfg = Debug|Any CPU
		{C5D26EB1-1FB2-407A-9C21-DC8983254B88}.Release|Any CPU.ActiveCfg = Release|Any CPU
	EndGlobalSection
	GlobalSection(SolutionProperties) = preSolution
		HideSolutionNode = FALSE
	EndGlobalSection
	GlobalSection(ExtensibilityGlobals) = postSolution
		SolutionGuid = {313B4BDC-CCB3-48DB-A507-DA773B853590}
	EndGlobalSection
EndGlobal
